github.com/IoC-Tools/common v0.1.5 h1:pEjVBf/OxvuEKmCV+CWoRg/yp0EL4aUu2luGY2qTbes=
github.com/IoC-Tools/common v0.1.5/go.mod h1:Mxu93suFd+eKtP0O7yuirfg6CWSJOThlkCGSHcO2mXQ=
github.com/davecheney/badidea v1.0.0 h1:F1ayf9RsFylecRDqHJjGi+tJtMvq4pSUslT2vNboc+Y=
github.com/davecheney/badidea v1.0.0/go.mod h1:eQXJKVRjycjBT9/tPbrS7o5o+wEi77B8JssJJLtN+zE=
