github.com/IoC-Tools/common v0.1.8 h1:G9u5u+Z4gJyG+sw/1mm81an5dr2Wy4Cx6uqVaOJXQoA=
github.com/IoC-Tools/common v0.1.8/go.mod h1:CVhRWmGJAHe37+vYcGd2nmX7v42LjfiiPEDexos/eiM=
github.com/davecheney/badidea v1.0.0 h1:F1ayf9RsFylecRDqHJjGi+tJtMvq4pSUslT2vNboc+Y=
github.com/davecheney/badidea v1.0.0/go.mod h1:eQXJKVRjycjBT9/tPbrS7o5o+wEi77B8JssJJLtN+zE=
